// !$*UTF8*$!
{
	archiveVersion = 1;
	classes = {
	};
	objectVersion = 77;
	objects = {

/* Begin PBXBuildFile section */
		3A73B3F72CB33623007787B8 /* WidgetKit.framework in Frameworks */ = {isa = PBXBuildFile; fileRef = 3A73B3F62CB33623007787B8 /* WidgetKit.framework */; };
		3A73B3F92CB33623007787B8 /* SwiftUI.framework in Frameworks */ = {isa = PBXBuildFile; fileRef = 3A73B3F82CB33623007787B8 /* SwiftUI.framework */; };
		3A73B4082CB33624007787B8 /* ResetWidgetExtension.appex in Embed Foundation Extensions */ = {isa = PBXBuildFile; fileRef = 3A73B3F42CB33623007787B8 /* ResetWidgetExtension.appex */; settings = {ATTRIBUTES = (RemoveHeadersOnCopy, ); }; };
/* End PBXBuildFile section */

/* Begin PBXContainerItemProxy section */
		3A06427F2CB1BF4E008F8900 /* PBXContainerItemProxy */ = {
			isa = PBXContainerItemProxy;
			containerPortal = 3A0642652CB1BF4C008F8900 /* Project object */;
			proxyType = 1;
			remoteGlobalIDString = 3A06426C2CB1BF4C008F8900;
			remoteInfo = Reset;
		};
		3A0642892CB1BF4E008F8900 /* PBXContainerItemProxy */ = {
			isa = PBXContainerItemProxy;
			containerPortal = 3A0642652CB1BF4C008F8900 /* Project object */;
			proxyType = 1;
			remoteGlobalIDString = 3A06426C2CB1BF4C008F8900;
			remoteInfo = Reset;
		};
		3A73B4062CB33624007787B8 /* PBXContainerItemProxy */ = {
			isa = PBXContainerItemProxy;
			containerPortal = 3A0642652CB1BF4C008F8900 /* Project object */;
			proxyType = 1;
			remoteGlobalIDString = 3A73B3F32CB33623007787B8;
			remoteInfo = ResetWidgetExtension;
		};
/* End PBXContainerItemProxy section */

/* Begin PBXCopyFilesBuildPhase section */
		3A73B4092CB33624007787B8 /* Embed Foundation Extensions */ = {
			isa = PBXCopyFilesBuildPhase;
			buildActionMask = 2147483647;
			dstPath = "";
			dstSubfolderSpec = 13;
			files = (
				3A73B4082CB33624007787B8 /* ResetWidgetExtension.appex in Embed Foundation Extensions */,
			);
			name = "Embed Foundation Extensions";
			runOnlyForDeploymentPostprocessing = 0;
		};
/* End PBXCopyFilesBuildPhase section */

/* Begin PBXFileReference section */
		3A06426D2CB1BF4C008F8900 /* Reset.app */ = {isa = PBXFileReference; explicitFileType = wrapper.application; includeInIndex = 0; path = Reset.app; sourceTree = BUILT_PRODUCTS_DIR; };
		3A06427E2CB1BF4E008F8900 /* ResetTests.xctest */ = {isa = PBXFileReference; explicitFileType = wrapper.cfbundle; includeInIndex = 0; path = ResetTests.xctest; sourceTree = BUILT_PRODUCTS_DIR; };
		3A0642882CB1BF4E008F8900 /* ResetUITests.xctest */ = {isa = PBXFileReference; explicitFileType = wrapper.cfbundle; includeInIndex = 0; path = ResetUITests.xctest; sourceTree = BUILT_PRODUCTS_DIR; };
		3A73B3F42CB33623007787B8 /* ResetWidgetExtension.appex */ = {isa = PBXFileReference; explicitFileType = "wrapper.app-extension"; includeInIndex = 0; path = ResetWidgetExtension.appex; sourceTree = BUILT_PRODUCTS_DIR; };
		3A73B3F62CB33623007787B8 /* WidgetKit.framework */ = {isa = PBXFileReference; lastKnownFileType = wrapper.framework; name = WidgetKit.framework; path = System/Library/Frameworks/WidgetKit.framework; sourceTree = SDKROOT; };
		3A73B3F82CB33623007787B8 /* SwiftUI.framework */ = {isa = PBXFileReference; lastKnownFileType = wrapper.framework; name = SwiftUI.framework; path = System/Library/Frameworks/SwiftUI.framework; sourceTree = SDKROOT; };
		3A73B4142CB34054007787B8 /* ResetWidgetExtension.entitlements */ = {isa = PBXFileReference; lastKnownFileType = text.plist.entitlements; path = ResetWidgetExtension.entitlements; sourceTree = "<group>"; };
/* End PBXFileReference section */

/* Begin PBXFileSystemSynchronizedBuildFileExceptionSet section */
		3A73B40C2CB33624007787B8 /* Exceptions for "ResetWidget" folder in "ResetWidgetExtension" target */ = {
			isa = PBXFileSystemSynchronizedBuildFileExceptionSet;
			membershipExceptions = (
				Info.plist,
			);
			target = 3A73B3F32CB33623007787B8 /* ResetWidgetExtension */;
		};
		3A73B4112CB337BC007787B8 /* Exceptions for "Reset" folder in "ResetWidgetExtension" target */ = {
			isa = PBXFileSystemSynchronizedBuildFileExceptionSet;
			membershipExceptions = (
				Constants.swift,
				Model/ResetModel.swift,
				Theme.swift,
				TimeSinceView.swift,
			);
			target = 3A73B3F32CB33623007787B8 /* ResetWidgetExtension */;
		};
/* End PBXFileSystemSynchronizedBuildFileExceptionSet section */

/* Begin PBXFileSystemSynchronizedRootGroup section */
		3A06426F2CB1BF4C008F8900 /* Reset */ = {
			isa = PBXFileSystemSynchronizedRootGroup;
			exceptions = (
				3A73B4112CB337BC007787B8 /* Exceptions for "Reset" folder in "ResetWidgetExtension" target */,
			);
			path = Reset;
			sourceTree = "<group>";
		};
		3A0642812CB1BF4E008F8900 /* ResetTests */ = {
			isa = PBXFileSystemSynchronizedRootGroup;
			path = ResetTests;
			sourceTree = "<group>";
		};
		3A06428B2CB1BF4E008F8900 /* ResetUITests */ = {
			isa = PBXFileSystemSynchronizedRootGroup;
			path = ResetUITests;
			sourceTree = "<group>";
		};
		3A73B3FA2CB33623007787B8 /* ResetWidget */ = {
			isa = PBXFileSystemSynchronizedRootGroup;
			exceptions = (
				3A73B40C2CB33624007787B8 /* Exceptions for "ResetWidget" folder in "ResetWidgetExtension" target */,
			);
			path = ResetWidget;
			sourceTree = "<group>";
		};
/* End PBXFileSystemSynchronizedRootGroup section */

/* Begin PBXFrameworksBuildPhase section */
		3A06426A2CB1BF4C008F8900 /* Frameworks */ = {
			isa = PBXFrameworksBuildPhase;
			buildActionMask = 2147483647;
			files = (
			);
			runOnlyForDeploymentPostprocessing = 0;
		};
		3A06427B2CB1BF4E008F8900 /* Frameworks */ = {
			isa = PBXFrameworksBuildPhase;
			buildActionMask = 2147483647;
			files = (
			);
			runOnlyForDeploymentPostprocessing = 0;
		};
		3A0642852CB1BF4E008F8900 /* Frameworks */ = {
			isa = PBXFrameworksBuildPhase;
			buildActionMask = 2147483647;
			files = (
			);
			runOnlyForDeploymentPostprocessing = 0;
		};
		3A73B3F12CB33623007787B8 /* Frameworks */ = {
			isa = PBXFrameworksBuildPhase;
			buildActionMask = 2147483647;
			files = (
				3A73B3F92CB33623007787B8 /* SwiftUI.framework in Frameworks */,
				3A73B3F72CB33623007787B8 /* WidgetKit.framework in Frameworks */,
			);
			runOnlyForDeploymentPostprocessing = 0;
		};
/* End PBXFrameworksBuildPhase section */

/* Begin PBXGroup section */
		3A0642642CB1BF4C008F8900 = {
			isa = PBXGroup;
			children = (
				3A73B4142CB34054007787B8 /* ResetWidgetExtension.entitlements */,
				3A06426F2CB1BF4C008F8900 /* Reset */,
				3A0642812CB1BF4E008F8900 /* ResetTests */,
				3A06428B2CB1BF4E008F8900 /* ResetUITests */,
				3A73B3FA2CB33623007787B8 /* ResetWidget */,
				3A73B3F52CB33623007787B8 /* Frameworks */,
				3A06426E2CB1BF4C008F8900 /* Products */,
			);
			sourceTree = "<group>";
		};
		3A06426E2CB1BF4C008F8900 /* Products */ = {
			isa = PBXGroup;
			children = (
				3A06426D2CB1BF4C008F8900 /* Reset.app */,
				3A06427E2CB1BF4E008F8900 /* ResetTests.xctest */,
				3A0642882CB1BF4E008F8900 /* ResetUITests.xctest */,
				3A73B3F42CB33623007787B8 /* ResetWidgetExtension.appex */,
			);
			name = Products;
			sourceTree = "<group>";
		};
		3A73B3F52CB33623007787B8 /* Frameworks */ = {
			isa = PBXGroup;
			children = (
				3A73B3F62CB33623007787B8 /* WidgetKit.framework */,
				3A73B3F82CB33623007787B8 /* SwiftUI.framework */,
			);
			name = Frameworks;
			sourceTree = "<group>";
		};
/* End PBXGroup section */

/* Begin PBXNativeTarget section */
		3A06426C2CB1BF4C008F8900 /* Reset */ = {
			isa = PBXNativeTarget;
			buildConfigurationList = 3A0642922CB1BF4E008F8900 /* Build configuration list for PBXNativeTarget "Reset" */;
			buildPhases = (
				3A0642692CB1BF4C008F8900 /* Sources */,
				3A06426A2CB1BF4C008F8900 /* Frameworks */,
				3A06426B2CB1BF4C008F8900 /* Resources */,
				3A73B4092CB33624007787B8 /* Embed Foundation Extensions */,
			);
			buildRules = (
			);
			dependencies = (
				3A73B4072CB33624007787B8 /* PBXTargetDependency */,
			);
			fileSystemSynchronizedGroups = (
				3A06426F2CB1BF4C008F8900 /* Reset */,
			);
			name = Reset;
			packageProductDependencies = (
			);
			productName = Reset;
			productReference = 3A06426D2CB1BF4C008F8900 /* Reset.app */;
			productType = "com.apple.product-type.application";
		};
		3A06427D2CB1BF4E008F8900 /* ResetTests */ = {
			isa = PBXNativeTarget;
			buildConfigurationList = 3A0642952CB1BF4E008F8900 /* Build configuration list for PBXNativeTarget "ResetTests" */;
			buildPhases = (
				3A06427A2CB1BF4E008F8900 /* Sources */,
				3A06427B2CB1BF4E008F8900 /* Frameworks */,
				3A06427C2CB1BF4E008F8900 /* Resources */,
			);
			buildRules = (
			);
			dependencies = (
				3A0642802CB1BF4E008F8900 /* PBXTargetDependency */,
			);
			fileSystemSynchronizedGroups = (
				3A0642812CB1BF4E008F8900 /* ResetTests */,
			);
			name = ResetTests;
			packageProductDependencies = (
			);
			productName = ResetTests;
			productReference = 3A06427E2CB1BF4E008F8900 /* ResetTests.xctest */;
			productType = "com.apple.product-type.bundle.unit-test";
		};
		3A0642872CB1BF4E008F8900 /* ResetUITests */ = {
			isa = PBXNativeTarget;
			buildConfigurationList = 3A0642982CB1BF4E008F8900 /* Build configuration list for PBXNativeTarget "ResetUITests" */;
			buildPhases = (
				3A0642842CB1BF4E008F8900 /* Sources */,
				3A0642852CB1BF4E008F8900 /* Frameworks */,
				3A0642862CB1BF4E008F8900 /* Resources */,
			);
			buildRules = (
			);
			dependencies = (
				3A06428A2CB1BF4E008F8900 /* PBXTargetDependency */,
			);
			fileSystemSynchronizedGroups = (
				3A06428B2CB1BF4E008F8900 /* ResetUITests */,
			);
			name = ResetUITests;
			packageProductDependencies = (
			);
			productName = ResetUITests;
			productReference = 3A0642882CB1BF4E008F8900 /* ResetUITests.xctest */;
			productType = "com.apple.product-type.bundle.ui-testing";
		};
		3A73B3F32CB33623007787B8 /* ResetWidgetExtension */ = {
			isa = PBXNativeTarget;
			buildConfigurationList = 3A73B40D2CB33624007787B8 /* Build configuration list for PBXNativeTarget "ResetWidgetExtension" */;
			buildPhases = (
				3A73B3F02CB33623007787B8 /* Sources */,
				3A73B3F12CB33623007787B8 /* Frameworks */,
				3A73B3F22CB33623007787B8 /* Resources */,
			);
			buildRules = (
			);
			dependencies = (
			);
			fileSystemSynchronizedGroups = (
				3A73B3FA2CB33623007787B8 /* ResetWidget */,
			);
			name = ResetWidgetExtension;
			packageProductDependencies = (
			);
			productName = ResetWidgetExtension;
			productReference = 3A73B3F42CB33623007787B8 /* ResetWidgetExtension.appex */;
			productType = "com.apple.product-type.app-extension";
		};
/* End PBXNativeTarget section */

/* Begin PBXProject section */
		3A0642652CB1BF4C008F8900 /* Project object */ = {
			isa = PBXProject;
			attributes = {
				BuildIndependentTargetsInParallel = 1;
				LastSwiftUpdateCheck = 1600;
				LastUpgradeCheck = 1600;
				TargetAttributes = {
					3A06426C2CB1BF4C008F8900 = {
						CreatedOnToolsVersion = 16.0;
					};
					3A06427D2CB1BF4E008F8900 = {
						CreatedOnToolsVersion = 16.0;
						TestTargetID = 3A06426C2CB1BF4C008F8900;
					};
					3A0642872CB1BF4E008F8900 = {
						CreatedOnToolsVersion = 16.0;
						TestTargetID = 3A06426C2CB1BF4C008F8900;
					};
					3A73B3F32CB33623007787B8 = {
						CreatedOnToolsVersion = 16.0;
					};
				};
			};
			buildConfigurationList = 3A0642682CB1BF4C008F8900 /* Build configuration list for PBXProject "Reset" */;
			developmentRegion = en;
			hasScannedForEncodings = 0;
			knownRegions = (
				en,
				Base,
			);
			mainGroup = 3A0642642CB1BF4C008F8900;
			minimizedProjectReferenceProxies = 1;
			preferredProjectObjectVersion = 77;
			productRefGroup = 3A06426E2CB1BF4C008F8900 /* Products */;
			projectDirPath = "";
			projectRoot = "";
			targets = (
				3A06426C2CB1BF4C008F8900 /* Reset */,
				3A06427D2CB1BF4E008F8900 /* ResetTests */,
				3A0642872CB1BF4E008F8900 /* ResetUITests */,
				3A73B3F32CB33623007787B8 /* ResetWidgetExtension */,
			);
		};
/* End PBXProject section */

/* Begin PBXResourcesBuildPhase section */
		3A06426B2CB1BF4C008F8900 /* Resources */ = {
			isa = PBXResourcesBuildPhase;
			buildActionMask = 2147483647;
			files = (
			);
			runOnlyForDeploymentPostprocessing = 0;
		};
		3A06427C2CB1BF4E008F8900 /* Resources */ = {
			isa = PBXResourcesBuildPhase;
			buildActionMask = 2147483647;
			files = (
			);
			runOnlyForDeploymentPostprocessing = 0;
		};
		3A0642862CB1BF4E008F8900 /* Resources */ = {
			isa = PBXResourcesBuildPhase;
			buildActionMask = 2147483647;
			files = (
			);
			runOnlyForDeploymentPostprocessing = 0;
		};
		3A73B3F22CB33623007787B8 /* Resources */ = {
			isa = PBXResourcesBuildPhase;
			buildActionMask = 2147483647;
			files = (
			);
			runOnlyForDeploymentPostprocessing = 0;
		};
/* End PBXResourcesBuildPhase section */

/* Begin PBXSourcesBuildPhase section */
		3A0642692CB1BF4C008F8900 /* Sources */ = {
			isa = PBXSourcesBuildPhase;
			buildActionMask = 2147483647;
			files = (
			);
			runOnlyForDeploymentPostprocessing = 0;
		};
		3A06427A2CB1BF4E008F8900 /* Sources */ = {
			isa = PBXSourcesBuildPhase;
			buildActionMask = 2147483647;
			files = (
			);
			runOnlyForDeploymentPostprocessing = 0;
		};
		3A0642842CB1BF4E008F8900 /* Sources */ = {
			isa = PBXSourcesBuildPhase;
			buildActionMask = 2147483647;
			files = (
			);
			runOnlyForDeploymentPostprocessing = 0;
		};
		3A73B3F02CB33623007787B8 /* Sources */ = {
			isa = PBXSourcesBuildPhase;
			buildActionMask = 2147483647;
			files = (
			);
			runOnlyForDeploymentPostprocessing = 0;
		};
/* End PBXSourcesBuildPhase section */

/* Begin PBXTargetDependency section */
		3A0642802CB1BF4E008F8900 /* PBXTargetDependency */ = {
			isa = PBXTargetDependency;
			target = 3A06426C2CB1BF4C008F8900 /* Reset */;
			targetProxy = 3A06427F2CB1BF4E008F8900 /* PBXContainerItemProxy */;
		};
		3A06428A2CB1BF4E008F8900 /* PBXTargetDependency */ = {
			isa = PBXTargetDependency;
			target = 3A06426C2CB1BF4C008F8900 /* Reset */;
			targetProxy = 3A0642892CB1BF4E008F8900 /* PBXContainerItemProxy */;
		};
		3A73B4072CB33624007787B8 /* PBXTargetDependency */ = {
			isa = PBXTargetDependency;
			target = 3A73B3F32CB33623007787B8 /* ResetWidgetExtension */;
			targetProxy = 3A73B4062CB33624007787B8 /* PBXContainerItemProxy */;
		};
/* End PBXTargetDependency section */

/* Begin XCBuildConfiguration section */
		3A0642902CB1BF4E008F8900 /* Debug */ = {
			isa = XCBuildConfiguration;
			buildSettings = {
				ALWAYS_SEARCH_USER_PATHS = NO;
				ASSETCATALOG_COMPILER_GENERATE_SWIFT_ASSET_SYMBOL_EXTENSIONS = YES;
				CLANG_ANALYZER_NONNULL = YES;
				CLANG_ANALYZER_NUMBER_OBJECT_CONVERSION = YES_AGGRESSIVE;
				CLANG_CXX_LANGUAGE_STANDARD = "gnu++20";
				CLANG_ENABLE_MODULES = YES;
				CLANG_ENABLE_OBJC_ARC = YES;
				CLANG_ENABLE_OBJC_WEAK = YES;
				CLANG_WARN_BLOCK_CAPTURE_AUTORELEASING = YES;
				CLANG_WARN_BOOL_CONVERSION = YES;
				CLANG_WARN_COMMA = YES;
				CLANG_WARN_CONSTANT_CONVERSION = YES;
				CLANG_WARN_DEPRECATED_OBJC_IMPLEMENTATIONS = YES;
				CLANG_WARN_DIRECT_OBJC_ISA_USAGE = YES_ERROR;
				CLANG_WARN_DOCUMENTATION_COMMENTS = YES;
				CLANG_WARN_EMPTY_BODY = YES;
				CLANG_WARN_ENUM_CONVERSION = YES;
				CLANG_WARN_INFINITE_RECURSION = YES;
				CLANG_WARN_INT_CONVERSION = YES;
				CLANG_WARN_NON_LITERAL_NULL_CONVERSION = YES;
				CLANG_WARN_OBJC_IMPLICIT_RETAIN_SELF = YES;
				CLANG_WARN_OBJC_LITERAL_CONVERSION = YES;
				CLANG_WARN_OBJC_ROOT_CLASS = YES_ERROR;
				CLANG_WARN_QUOTED_INCLUDE_IN_FRAMEWORK_HEADER = YES;
				CLANG_WARN_RANGE_LOOP_ANALYSIS = YES;
				CLANG_WARN_STRICT_PROTOTYPES = YES;
				CLANG_WARN_SUSPICIOUS_MOVE = YES;
				CLANG_WARN_UNGUARDED_AVAILABILITY = YES_AGGRESSIVE;
				CLANG_WARN_UNREACHABLE_CODE = YES;
				CLANG_WARN__DUPLICATE_METHOD_MATCH = YES;
				COPY_PHASE_STRIP = NO;
				DEBUG_INFORMATION_FORMAT = dwarf;
				ENABLE_STRICT_OBJC_MSGSEND = YES;
				ENABLE_TESTABILITY = YES;
				ENABLE_USER_SCRIPT_SANDBOXING = YES;
				GCC_C_LANGUAGE_STANDARD = gnu17;
				GCC_DYNAMIC_NO_PIC = NO;
				GCC_NO_COMMON_BLOCKS = YES;
				GCC_OPTIMIZATION_LEVEL = 0;
				GCC_PREPROCESSOR_DEFINITIONS = (
					"DEBUG=1",
					"$(inherited)",
				);
				GCC_WARN_64_TO_32_BIT_CONVERSION = YES;
				GCC_WARN_ABOUT_RETURN_TYPE = YES_ERROR;
				GCC_WARN_UNDECLARED_SELECTOR = YES;
				GCC_WARN_UNINITIALIZED_AUTOS = YES_AGGRESSIVE;
				GCC_WARN_UNUSED_FUNCTION = YES;
				GCC_WARN_UNUSED_VARIABLE = YES;
				LOCALIZATION_PREFERS_STRING_CATALOGS = YES;
				MTL_ENABLE_DEBUG_INFO = INCLUDE_SOURCE;
				MTL_FAST_MATH = YES;
				ONLY_ACTIVE_ARCH = YES;
				SWIFT_ACTIVE_COMPILATION_CONDITIONS = "DEBUG $(inherited)";
				SWIFT_OPTIMIZATION_LEVEL = "-Onone";
			};
			name = Debug;
		};
		3A0642912CB1BF4E008F8900 /* Release */ = {
			isa = XCBuildConfiguration;
			buildSettings = {
				ALWAYS_SEARCH_USER_PATHS = NO;
				ASSETCATALOG_COMPILER_GENERATE_SWIFT_ASSET_SYMBOL_EXTENSIONS = YES;
				CLANG_ANALYZER_NONNULL = YES;
				CLANG_ANALYZER_NUMBER_OBJECT_CONVERSION = YES_AGGRESSIVE;
				CLANG_CXX_LANGUAGE_STANDARD = "gnu++20";
				CLANG_ENABLE_MODULES = YES;
				CLANG_ENABLE_OBJC_ARC = YES;
				CLANG_ENABLE_OBJC_WEAK = YES;
				CLANG_WARN_BLOCK_CAPTURE_AUTORELEASING = YES;
				CLANG_WARN_BOOL_CONVERSION = YES;
				CLANG_WARN_COMMA = YES;
				CLANG_WARN_CONSTANT_CONVERSION = YES;
				CLANG_WARN_DEPRECATED_OBJC_IMPLEMENTATIONS = YES;
				CLANG_WARN_DIRECT_OBJC_ISA_USAGE = YES_ERROR;
				CLANG_WARN_DOCUMENTATION_COMMENTS = YES;
				CLANG_WARN_EMPTY_BODY = YES;
				CLANG_WARN_ENUM_CONVERSION = YES;
				CLANG_WARN_INFINITE_RECURSION = YES;
				CLANG_WARN_INT_CONVERSION = YES;
				CLANG_WARN_NON_LITERAL_NULL_CONVERSION = YES;
				CLANG_WARN_OBJC_IMPLICIT_RETAIN_SELF = YES;
				CLANG_WARN_OBJC_LITERAL_CONVERSION = YES;
				CLANG_WARN_OBJC_ROOT_CLASS = YES_ERROR;
				CLANG_WARN_QUOTED_INCLUDE_IN_FRAMEWORK_HEADER = YES;
				CLANG_WARN_RANGE_LOOP_ANALYSIS = YES;
				CLANG_WARN_STRICT_PROTOTYPES = YES;
				CLANG_WARN_SUSPICIOUS_MOVE = YES;
				CLANG_WARN_UNGUARDED_AVAILABILITY = YES_AGGRESSIVE;
				CLANG_WARN_UNREACHABLE_CODE = YES;
				CLANG_WARN__DUPLICATE_METHOD_MATCH = YES;
				COPY_PHASE_STRIP = NO;
				DEBUG_INFORMATION_FORMAT = "dwarf-with-dsym";
				ENABLE_NS_ASSERTIONS = NO;
				ENABLE_STRICT_OBJC_MSGSEND = YES;
				ENABLE_USER_SCRIPT_SANDBOXING = YES;
				GCC_C_LANGUAGE_STANDARD = gnu17;
				GCC_NO_COMMON_BLOCKS = YES;
				GCC_WARN_64_TO_32_BIT_CONVERSION = YES;
				GCC_WARN_ABOUT_RETURN_TYPE = YES_ERROR;
				GCC_WARN_UNDECLARED_SELECTOR = YES;
				GCC_WARN_UNINITIALIZED_AUTOS = YES_AGGRESSIVE;
				GCC_WARN_UNUSED_FUNCTION = YES;
				GCC_WARN_UNUSED_VARIABLE = YES;
				LOCALIZATION_PREFERS_STRING_CATALOGS = YES;
				MTL_ENABLE_DEBUG_INFO = NO;
				MTL_FAST_MATH = YES;
				SWIFT_COMPILATION_MODE = wholemodule;
			};
			name = Release;
		};
		3A0642932CB1BF4E008F8900 /* Debug */ = {
			isa = XCBuildConfiguration;
			buildSettings = {
				ASSETCATALOG_COMPILER_APPICON_NAME = AppIcon;
				ASSETCATALOG_COMPILER_GLOBAL_ACCENT_COLOR_NAME = AccentColor;
				CODE_SIGN_ENTITLEMENTS = Reset/Reset.entitlements;
				CODE_SIGN_STYLE = Automatic;
				CURRENT_PROJECT_VERSION = 1;
				DEVELOPMENT_ASSET_PATHS = "\"Reset/Preview Content\"";
				DEVELOPMENT_TEAM = VWV75FTW68;
				ENABLE_HARDENED_RUNTIME = YES;
				ENABLE_PREVIEWS = YES;
				GENERATE_INFOPLIST_FILE = YES;
				"INFOPLIST_KEY_UIApplicationSceneManifest_Generation[sdk=iphoneos*]" = YES;
				"INFOPLIST_KEY_UIApplicationSceneManifest_Generation[sdk=iphonesimulator*]" = YES;
				"INFOPLIST_KEY_UIApplicationSupportsIndirectInputEvents[sdk=iphoneos*]" = YES;
				"INFOPLIST_KEY_UIApplicationSupportsIndirectInputEvents[sdk=iphonesimulator*]" = YES;
				"INFOPLIST_KEY_UILaunchScreen_Generation[sdk=iphoneos*]" = YES;
				"INFOPLIST_KEY_UILaunchScreen_Generation[sdk=iphonesimulator*]" = YES;
				"INFOPLIST_KEY_UIStatusBarStyle[sdk=iphoneos*]" = UIStatusBarStyleDefault;
				"INFOPLIST_KEY_UIStatusBarStyle[sdk=iphonesimulator*]" = UIStatusBarStyleDefault;
				INFOPLIST_KEY_UISupportedInterfaceOrientations_iPad = "UIInterfaceOrientationPortrait UIInterfaceOrientationPortraitUpsideDown UIInterfaceOrientationLandscapeLeft UIInterfaceOrientationLandscapeRight";
				INFOPLIST_KEY_UISupportedInterfaceOrientations_iPhone = "UIInterfaceOrientationPortrait UIInterfaceOrientationLandscapeLeft UIInterfaceOrientationLandscapeRight";
				IPHONEOS_DEPLOYMENT_TARGET = 18.0;
				LD_RUNPATH_SEARCH_PATHS = "@executable_path/Frameworks";
				"LD_RUNPATH_SEARCH_PATHS[sdk=macosx*]" = "@executable_path/../Frameworks";
				MACOSX_DEPLOYMENT_TARGET = 15.0;
				MARKETING_VERSION = 1.0;
				PRODUCT_BUNDLE_IDENTIFIER = com.corscadden.Reset;
				PRODUCT_NAME = "$(TARGET_NAME)";
				SDKROOT = auto;
				SUPPORTED_PLATFORMS = "iphoneos iphonesimulator macosx xros xrsimulator";
				SWIFT_EMIT_LOC_STRINGS = YES;
				SWIFT_VERSION = 5.0;
				TARGETED_DEVICE_FAMILY = "1,2,7";
				XROS_DEPLOYMENT_TARGET = 2.0;
			};
			name = Debug;
		};
		3A0642942CB1BF4E008F8900 /* Release */ = {
			isa = XCBuildConfiguration;
			buildSettings = {
				ASSETCATALOG_COMPILER_APPICON_NAME = AppIcon;
				ASSETCATALOG_COMPILER_GLOBAL_ACCENT_COLOR_NAME = AccentColor;
				CODE_SIGN_ENTITLEMENTS = Reset/Reset.entitlements;
				CODE_SIGN_STYLE = Automatic;
				CURRENT_PROJECT_VERSION = 1;
				DEVELOPMENT_ASSET_PATHS = "\"Reset/Preview Content\"";
				DEVELOPMENT_TEAM = VWV75FTW68;
				ENABLE_HARDENED_RUNTIME = YES;
				ENABLE_PREVIEWS = YES;
				GENERATE_INFOPLIST_FILE = YES;
				"INFOPLIST_KEY_UIApplicationSceneManifest_Generation[sdk=iphoneos*]" = YES;
				"INFOPLIST_KEY_UIApplicationSceneManifest_Generation[sdk=iphonesimulator*]" = YES;
				"INFOPLIST_KEY_UIApplicationSupportsIndirectInputEvents[sdk=iphoneos*]" = YES;
				"INFOPLIST_KEY_UIApplicationSupportsIndirectInputEvents[sdk=iphonesimulator*]" = YES;
				"INFOPLIST_KEY_UILaunchScreen_Generation[sdk=iphoneos*]" = YES;
				"INFOPLIST_KEY_UILaunchScreen_Generation[sdk=iphonesimulator*]" = YES;
				"INFOPLIST_KEY_UIStatusBarStyle[sdk=iphoneos*]" = UIStatusBarStyleDefault;
				"INFOPLIST_KEY_UIStatusBarStyle[sdk=iphonesimulator*]" = UIStatusBarStyleDefault;
				INFOPLIST_KEY_UISupportedInterfaceOrientations_iPad = "UIInterfaceOrientationPortrait UIInterfaceOrientationPortraitUpsideDown UIInterfaceOrientationLandscapeLeft UIInterfaceOrientationLandscapeRight";
				INFOPLIST_KEY_UISupportedInterfaceOrientations_iPhone = "UIInterfaceOrientationPortrait UIInterfaceOrientationLandscapeLeft UIInterfaceOrientationLandscapeRight";
				IPHONEOS_DEPLOYMENT_TARGET = 18.0;
				LD_RUNPATH_SEARCH_PATHS = "@executable_path/Frameworks";
				"LD_RUNPATH_SEARCH_PATHS[sdk=macosx*]" = "@executable_path/../Frameworks";
				MACOSX_DEPLOYMENT_TARGET = 15.0;
				MARKETING_VERSION = 1.0;
				PRODUCT_BUNDLE_IDENTIFIER = com.corscadden.Reset;
				PRODUCT_NAME = "$(TARGET_NAME)";
				SDKROOT = auto;
				SUPPORTED_PLATFORMS = "iphoneos iphonesimulator macosx xros xrsimulator";
				SWIFT_EMIT_LOC_STRINGS = YES;
				SWIFT_VERSION = 5.0;
				TARGETED_DEVICE_FAMILY = "1,2,7";
				XROS_DEPLOYMENT_TARGET = 2.0;
			};
			name = Release;
		};
		3A0642962CB1BF4E008F8900 /* Debug */ = {
			isa = XCBuildConfiguration;
			buildSettings = {
				BUNDLE_LOADER = "$(TEST_HOST)";
				CODE_SIGN_STYLE = Automatic;
				CURRENT_PROJECT_VERSION = 1;
				DEVELOPMENT_TEAM = VWV75FTW68;
				GENERATE_INFOPLIST_FILE = YES;
				IPHONEOS_DEPLOYMENT_TARGET = 18.0;
				MACOSX_DEPLOYMENT_TARGET = 15.0;
				MARKETING_VERSION = 1.0;
				PRODUCT_BUNDLE_IDENTIFIER = com.corscadden.ResetTests;
				PRODUCT_NAME = "$(TARGET_NAME)";
				SDKROOT = auto;
				SUPPORTED_PLATFORMS = "iphoneos iphonesimulator macosx xros xrsimulator";
				SWIFT_EMIT_LOC_STRINGS = NO;
				SWIFT_VERSION = 5.0;
				TARGETED_DEVICE_FAMILY = "1,2,7";
				TEST_HOST = "$(BUILT_PRODUCTS_DIR)/Reset.app/$(BUNDLE_EXECUTABLE_FOLDER_PATH)/Reset";
				XROS_DEPLOYMENT_TARGET = 2.0;
			};
			name = Debug;
		};
		3A0642972CB1BF4E008F8900 /* Release */ = {
			isa = XCBuildConfiguration;
			buildSettings = {
				BUNDLE_LOADER = "$(TEST_HOST)";
				CODE_SIGN_STYLE = Automatic;
				CURRENT_PROJECT_VERSION = 1;
				DEVELOPMENT_TEAM = VWV75FTW68;
				GENERATE_INFOPLIST_FILE = YES;
				IPHONEOS_DEPLOYMENT_TARGET = 18.0;
				MACOSX_DEPLOYMENT_TARGET = 15.0;
				MARKETING_VERSION = 1.0;
				PRODUCT_BUNDLE_IDENTIFIER = com.corscadden.ResetTests;
				PRODUCT_NAME = "$(TARGET_NAME)";
				SDKROOT = auto;
				SUPPORTED_PLATFORMS = "iphoneos iphonesimulator macosx xros xrsimulator";
				SWIFT_EMIT_LOC_STRINGS = NO;
				SWIFT_VERSION = 5.0;
				TARGETED_DEVICE_FAMILY = "1,2,7";
				TEST_HOST = "$(BUILT_PRODUCTS_DIR)/Reset.app/$(BUNDLE_EXECUTABLE_FOLDER_PATH)/Reset";
				XROS_DEPLOYMENT_TARGET = 2.0;
			};
			name = Release;
		};
		3A0642992CB1BF4E008F8900 /* Debug */ = {
			isa = XCBuildConfiguration;
			buildSettings = {
				CODE_SIGN_STYLE = Automatic;
				CURRENT_PROJECT_VERSION = 1;
				DEVELOPMENT_TEAM = VWV75FTW68;
				GENERATE_INFOPLIST_FILE = YES;
				IPHONEOS_DEPLOYMENT_TARGET = 18.0;
				MACOSX_DEPLOYMENT_TARGET = 15.0;
				MARKETING_VERSION = 1.0;
				PRODUCT_BUNDLE_IDENTIFIER = com.corscadden.ResetUITests;
				PRODUCT_NAME = "$(TARGET_NAME)";
				SDKROOT = auto;
				SUPPORTED_PLATFORMS = "iphoneos iphonesimulator macosx xros xrsimulator";
				SWIFT_EMIT_LOC_STRINGS = NO;
				SWIFT_VERSION = 5.0;
				TARGETED_DEVICE_FAMILY = "1,2,7";
				TEST_TARGET_NAME = Reset;
				XROS_DEPLOYMENT_TARGET = 2.0;
			};
			name = Debug;
		};
		3A06429A2CB1BF4E008F8900 /* Release */ = {
			isa = XCBuildConfiguration;
			buildSettings = {
				CODE_SIGN_STYLE = Automatic;
				CURRENT_PROJECT_VERSION = 1;
				DEVELOPMENT_TEAM = VWV75FTW68;
				GENERATE_INFOPLIST_FILE = YES;
				IPHONEOS_DEPLOYMENT_TARGET = 18.0;
				MACOSX_DEPLOYMENT_TARGET = 15.0;
				MARKETING_VERSION = 1.0;
				PRODUCT_BUNDLE_IDENTIFIER = com.corscadden.ResetUITests;
				PRODUCT_NAME = "$(TARGET_NAME)";
				SDKROOT = auto;
				SUPPORTED_PLATFORMS = "iphoneos iphonesimulator macosx xros xrsimulator";
				SWIFT_EMIT_LOC_STRINGS = NO;
				SWIFT_VERSION = 5.0;
				TARGETED_DEVICE_FAMILY = "1,2,7";
				TEST_TARGET_NAME = Reset;
				XROS_DEPLOYMENT_TARGET = 2.0;
			};
			name = Release;
		};
		3A73B40A2CB33624007787B8 /* Debug */ = {
			isa = XCBuildConfiguration;
			buildSettings = {
				ASSETCATALOG_COMPILER_GLOBAL_ACCENT_COLOR_NAME = AccentColor;
				ASSETCATALOG_COMPILER_WIDGET_BACKGROUND_COLOR_NAME = WidgetBackground;
				CODE_SIGN_ENTITLEMENTS = ResetWidgetExtension.entitlements;
				CODE_SIGN_STYLE = Automatic;
				CURRENT_PROJECT_VERSION = 1;
				DEVELOPMENT_TEAM = VWV75FTW68;
				GENERATE_INFOPLIST_FILE = YES;
				INFOPLIST_FILE = ResetWidget/Info.plist;
				INFOPLIST_KEY_CFBundleDisplayName = ResetWidget;
				INFOPLIST_KEY_NSHumanReadableCopyright = "";
				IPHONEOS_DEPLOYMENT_TARGET = 18.0;
				LD_RUNPATH_SEARCH_PATHS = (
					"$(inherited)",
					"@executable_path/Frameworks",
					"@executable_path/../../Frameworks",
				);
				MARKETING_VERSION = 1.0;
				PRODUCT_BUNDLE_IDENTIFIER = com.corscadden.Reset.ResetWidget;
				PRODUCT_NAME = "$(TARGET_NAME)";
				SDKROOT = iphoneos;
				SKIP_INSTALL = YES;
				SWIFT_EMIT_LOC_STRINGS = YES;
				SWIFT_VERSION = 5.0;
				TARGETED_DEVICE_FAMILY = "1,2";
			};
			name = Debug;
		};
		3A73B40B2CB33624007787B8 /* Release */ = {
			isa = XCBuildConfiguration;
			buildSettings = {
				ASSETCATALOG_COMPILER_GLOBAL_ACCENT_COLOR_NAME = AccentColor;
				ASSETCATALOG_COMPILER_WIDGET_BACKGROUND_COLOR_NAME = WidgetBackground;
				CODE_SIGN_ENTITLEMENTS = ResetWidgetExtension.entitlements;
				CODE_SIGN_STYLE = Automatic;
				CURRENT_PROJECT_VERSION = 1;
				DEVELOPMENT_TEAM = VWV75FTW68;
				GENERATE_INFOPLIST_FILE = YES;
				INFOPLIST_FILE = ResetWidget/Info.plist;
				INFOPLIST_KEY_CFBundleDisplayName = ResetWidget;
				INFOPLIST_KEY_NSHumanReadableCopyright = "";
				IPHONEOS_DEPLOYMENT_TARGET = 18.0;
				LD_RUNPATH_SEARCH_PATHS = (
					"$(inherited)",
					"@executable_path/Frameworks",
					"@executable_path/../../Frameworks",
				);
				MARKETING_VERSION = 1.0;
				PRODUCT_BUNDLE_IDENTIFIER = com.corscadden.Reset.ResetWidget;
				PRODUCT_NAME = "$(TARGET_NAME)";
				SDKROOT = iphoneos;
				SKIP_INSTALL = YES;
				SWIFT_EMIT_LOC_STRINGS = YES;
				SWIFT_VERSION = 5.0;
				TARGETED_DEVICE_FAMILY = "1,2";
				VALIDATE_PRODUCT = YES;
			};
			name = Release;
		};
/* End XCBuildConfiguration section */

/* Begin XCConfigurationList section */
		3A0642682CB1BF4C008F8900 /* Build configuration list for PBXProject "Reset" */ = {
			isa = XCConfigurationList;
			buildConfigurations = (
				3A0642902CB1BF4E008F8900 /* Debug */,
				3A0642912CB1BF4E008F8900 /* Release */,
			);
			defaultConfigurationIsVisible = 0;
			defaultConfigurationName = Release;
		};
		3A0642922CB1BF4E008F8900 /* Build configuration list for PBXNativeTarget "Reset" */ = {
			isa = XCConfigurationList;
			buildConfigurations = (
				3A0642932CB1BF4E008F8900 /* Debug */,
				3A0642942CB1BF4E008F8900 /* Release */,
			);
			defaultConfigurationIsVisible = 0;
			defaultConfigurationName = Release;
		};
		3A0642952CB1BF4E008F8900 /* Build configuration list for PBXNativeTarget "ResetTests" */ = {
			isa = XCConfigurationList;
			buildConfigurations = (
				3A0642962CB1BF4E008F8900 /* Debug */,
				3A0642972CB1BF4E008F8900 /* Release */,
			);
			defaultConfigurationIsVisible = 0;
			defaultConfigurationName = Release;
		};
		3A0642982CB1BF4E008F8900 /* Build configuration list for PBXNativeTarget "ResetUITests" */ = {
			isa = XCConfigurationList;
			buildConfigurations = (
				3A0642992CB1BF4E008F8900 /* Debug */,
				3A06429A2CB1BF4E008F8900 /* Release */,
			);
			defaultConfigurationIsVisible = 0;
			defaultConfigurationName = Release;
		};
		3A73B40D2CB33624007787B8 /* Build configuration list for PBXNativeTarget "ResetWidgetExtension" */ = {
			isa = XCConfigurationList;
			buildConfigurations = (
				3A73B40A2CB33624007787B8 /* Debug */,
				3A73B40B2CB33624007787B8 /* Release */,
			);
			defaultConfigurationIsVisible = 0;
			defaultConfigurationName = Release;
		};
/* End XCConfigurationList section */
	};
	rootObject = 3A0642652CB1BF4C008F8900 /* Project object */;
}
